// !$*UTF8*$!
{
	archiveVersion = 1;
	classes = {
	};
	objectVersion = 50;
	objects = {

/* Begin PBXBuildFile section */
		DA9527C4248EE3C800A73DA4 /* AppDelegate.swift in Sources */ = {isa = PBXBuildFile; fileRef = DA9527C3248EE3C800A73DA4 /* AppDelegate.swift */; };
		DA9527C6248EE3C800A73DA4 /* SceneDelegate.swift in Sources */ = {isa = PBXBuildFile; fileRef = DA9527C5248EE3C800A73DA4 /* SceneDelegate.swift */; };
		DA9527C8248EE3C800A73DA4 /* ViewController.swift in Sources */ = {isa = PBXBuildFile; fileRef = DA9527C7248EE3C800A73DA4 /* ViewController.swift */; };
		DA9527CD248EE3CE00A73DA4 /* Assets.xcassets in Resources */ = {isa = PBXBuildFile; fileRef = DA9527CC248EE3CE00A73DA4 /* Assets.xcassets */; };
		DA9527D0248EE3CE00A73DA4 /* LaunchScreen.storyboard in Resources */ = {isa = PBXBuildFile; fileRef = DA9527CE248EE3CE00A73DA4 /* LaunchScreen.storyboard */; };
		DA9527E0248EE65E00A73DA4 /* Main.storyboard in Resources */ = {isa = PBXBuildFile; fileRef = DA9527DF248EE65E00A73DA4 /* Main.storyboard */; };
		DA9527E4248EE75C00A73DA4 /* AlarmListTableViewController.swift in Sources */ = {isa = PBXBuildFile; fileRef = DA9527E3248EE75C00A73DA4 /* AlarmListTableViewController.swift */; };
		DA9527E6248EE81700A73DA4 /* AlarmDetailTableViewController.swift in Sources */ = {isa = PBXBuildFile; fileRef = DA9527E5248EE81700A73DA4 /* AlarmDetailTableViewController.swift */; };
		DA9527E9248EEC0E00A73DA4 /* SwitchTableViewCell.swift in Sources */ = {isa = PBXBuildFile; fileRef = DA9527E8248EEC0E00A73DA4 /* SwitchTableViewCell.swift */; };
		DA9527EB248EF5FA00A73DA4 /* Alarm.swift in Sources */ = {isa = PBXBuildFile; fileRef = DA9527EA248EF5FA00A73DA4 /* Alarm.swift */; };
		DA9527ED248EFED200A73DA4 /* AlarmController.swift in Sources */ = {isa = PBXBuildFile; fileRef = DA9527EC248EFED200A73DA4 /* AlarmController.swift */; };
/* End PBXBuildFile section */

/* Begin PBXFileReference section */
		DA9527C0248EE3C800A73DA4 /* Alarm.app */ = {isa = PBXFileReference; explicitFileType = wrapper.application; includeInIndex = 0; path = Alarm.app; sourceTree = BUILT_PRODUCTS_DIR; };
		DA9527C3248EE3C800A73DA4 /* AppDelegate.swift */ = {isa = PBXFileReference; lastKnownFileType = sourcecode.swift; path = AppDelegate.swift; sourceTree = "<group>"; };
		DA9527C5248EE3C800A73DA4 /* SceneDelegate.swift */ = {isa = PBXFileReference; lastKnownFileType = sourcecode.swift; path = SceneDelegate.swift; sourceTree = "<group>"; };
		DA9527C7248EE3C800A73DA4 /* ViewController.swift */ = {isa = PBXFileReference; lastKnownFileType = sourcecode.swift; path = ViewController.swift; sourceTree = "<group>"; };
		DA9527CC248EE3CE00A73DA4 /* Assets.xcassets */ = {isa = PBXFileReference; lastKnownFileType = folder.assetcatalog; path = Assets.xcassets; sourceTree = "<group>"; };
		DA9527CF248EE3CE00A73DA4 /* Base */ = {isa = PBXFileReference; lastKnownFileType = file.storyboard; name = Base; path = Base.lproj/LaunchScreen.storyboard; sourceTree = "<group>"; };
		DA9527D1248EE3CE00A73DA4 /* Info.plist */ = {isa = PBXFileReference; lastKnownFileType = text.plist.xml; path = Info.plist; sourceTree = "<group>"; };
		DA9527DF248EE65E00A73DA4 /* Main.storyboard */ = {isa = PBXFileReference; lastKnownFileType = file.storyboard; path = Main.storyboard; sourceTree = "<group>"; };
		DA9527E3248EE75C00A73DA4 /* AlarmListTableViewController.swift */ = {isa = PBXFileReference; lastKnownFileType = sourcecode.swift; path = AlarmListTableViewController.swift; sourceTree = "<group>"; };
		DA9527E5248EE81700A73DA4 /* AlarmDetailTableViewController.swift */ = {isa = PBXFileReference; lastKnownFileType = sourcecode.swift; path = AlarmDetailTableViewController.swift; sourceTree = "<group>"; };
		DA9527E8248EEC0E00A73DA4 /* SwitchTableViewCell.swift */ = {isa = PBXFileReference; lastKnownFileType = sourcecode.swift; path = SwitchTableViewCell.swift; sourceTree = "<group>"; };
		DA9527EA248EF5FA00A73DA4 /* Alarm.swift */ = {isa = PBXFileReference; lastKnownFileType = sourcecode.swift; path = Alarm.swift; sourceTree = "<group>"; };
		DA9527EC248EFED200A73DA4 /* AlarmController.swift */ = {isa = PBXFileReference; lastKnownFileType = sourcecode.swift; path = AlarmController.swift; sourceTree = "<group>"; };
/* End PBXFileReference section */

/* Begin PBXFrameworksBuildPhase section */
		DA9527BD248EE3C800A73DA4 /* Frameworks */ = {
			isa = PBXFrameworksBuildPhase;
			buildActionMask = 2147483647;
			files = (
			);
			runOnlyForDeploymentPostprocessing = 0;
		};
/* End PBXFrameworksBuildPhase section */

/* Begin PBXGroup section */
		DA9527B7248EE3C800A73DA4 = {
			isa = PBXGroup;
			children = (
				DA9527C2248EE3C800A73DA4 /* Alarm */,
				DA9527C1248EE3C800A73DA4 /* Products */,
			);
			sourceTree = "<group>";
		};
		DA9527C1248EE3C800A73DA4 /* Products */ = {
			isa = PBXGroup;
			children = (
				DA9527C0248EE3C800A73DA4 /* Alarm.app */,
			);
			name = Products;
			sourceTree = "<group>";
		};
		DA9527C2248EE3C800A73DA4 /* Alarm */ = {
			isa = PBXGroup;
			children = (
				DA9527D9248EE45B00A73DA4 /* Models */,
				DA9527DA248EE46700A73DA4 /* Controllers */,
				DA9527D8248EE45000A73DA4 /* Views */,
				DA9527E7248EEBE400A73DA4 /* Custom Cells */,
				DA9527D7248EE41F00A73DA4 /* Resources */,
				DA9527C7248EE3C800A73DA4 /* ViewController.swift */,
			);
			path = Alarm;
			sourceTree = "<group>";
		};
		DA9527D7248EE41F00A73DA4 /* Resources */ = {
			isa = PBXGroup;
			children = (
				DA9527C3248EE3C800A73DA4 /* AppDelegate.swift */,
				DA9527C5248EE3C800A73DA4 /* SceneDelegate.swift */,
				DA9527CC248EE3CE00A73DA4 /* Assets.xcassets */,
				DA9527CE248EE3CE00A73DA4 /* LaunchScreen.storyboard */,
				DA9527D1248EE3CE00A73DA4 /* Info.plist */,
			);
			path = Resources;
			sourceTree = "<group>";
		};
		DA9527D8248EE45000A73DA4 /* Views */ = {
			isa = PBXGroup;
			children = (
				DA9527DF248EE65E00A73DA4 /* Main.storyboard */,
			);
			path = Views;
			sourceTree = "<group>";
		};
		DA9527D9248EE45B00A73DA4 /* Models */ = {
			isa = PBXGroup;
			children = (
				DA9527EA248EF5FA00A73DA4 /* Alarm.swift */,
			);
			path = Models;
			sourceTree = "<group>";
		};
		DA9527DA248EE46700A73DA4 /* Controllers */ = {
			isa = PBXGroup;
			children = (
				DA9527DC248EE62D00A73DA4 /* Model Controllers */,
				DA9527DB248EE62500A73DA4 /* View Controllers */,
			);
			path = Controllers;
			sourceTree = "<group>";
		};
		DA9527DB248EE62500A73DA4 /* View Controllers */ = {
			isa = PBXGroup;
			children = (
				DA9527E3248EE75C00A73DA4 /* AlarmListTableViewController.swift */,
				DA9527E5248EE81700A73DA4 /* AlarmDetailTableViewController.swift */,
			);
			path = "View Controllers";
			sourceTree = "<group>";
		};
		DA9527DC248EE62D00A73DA4 /* Model Controllers */ = {
			isa = PBXGroup;
			children = (
				DA9527EC248EFED200A73DA4 /* AlarmController.swift */,
			);
			path = "Model Controllers";
			sourceTree = "<group>";
		};
		DA9527E7248EEBE400A73DA4 /* Custom Cells */ = {
			isa = PBXGroup;
			children = (
				DA9527E8248EEC0E00A73DA4 /* SwitchTableViewCell.swift */,
			);
			path = "Custom Cells";
			sourceTree = "<group>";
		};
/* End PBXGroup section */

/* Begin PBXNativeTarget section */
		DA9527BF248EE3C800A73DA4 /* Alarm */ = {
			isa = PBXNativeTarget;
			buildConfigurationList = DA9527D4248EE3CE00A73DA4 /* Build configuration list for PBXNativeTarget "Alarm" */;
			buildPhases = (
				DA9527BC248EE3C800A73DA4 /* Sources */,
				DA9527BD248EE3C800A73DA4 /* Frameworks */,
				DA9527BE248EE3C800A73DA4 /* Resources */,
			);
			buildRules = (
			);
			dependencies = (
			);
			name = Alarm;
			productName = Alarm;
			productReference = DA9527C0248EE3C800A73DA4 /* Alarm.app */;
			productType = "com.apple.product-type.application";
		};
/* End PBXNativeTarget section */

/* Begin PBXProject section */
		DA9527B8248EE3C800A73DA4 /* Project object */ = {
			isa = PBXProject;
			attributes = {
				LastSwiftUpdateCheck = 1150;
				LastUpgradeCheck = 1150;
				ORGANIZATIONNAME = AdetokunboBabatunde;
				TargetAttributes = {
					DA9527BF248EE3C800A73DA4 = {
						CreatedOnToolsVersion = 11.5;
					};
				};
			};
			buildConfigurationList = DA9527BB248EE3C800A73DA4 /* Build configuration list for PBXProject "Alarm" */;
			compatibilityVersion = "Xcode 9.3";
			developmentRegion = en;
			hasScannedForEncodings = 0;
			knownRegions = (
				en,
				Base,
			);
			mainGroup = DA9527B7248EE3C800A73DA4;
			productRefGroup = DA9527C1248EE3C800A73DA4 /* Products */;
			projectDirPath = "";
			projectRoot = "";
			targets = (
				DA9527BF248EE3C800A73DA4 /* Alarm */,
			);
		};
/* End PBXProject section */

/* Begin PBXResourcesBuildPhase section */
		DA9527BE248EE3C800A73DA4 /* Resources */ = {
			isa = PBXResourcesBuildPhase;
			buildActionMask = 2147483647;
			files = (
				DA9527E0248EE65E00A73DA4 /* Main.storyboard in Resources */,
				DA9527D0248EE3CE00A73DA4 /* LaunchScreen.storyboard in Resources */,
				DA9527CD248EE3CE00A73DA4 /* Assets.xcassets in Resources */,
			);
			runOnlyForDeploymentPostprocessing = 0;
		};
/* End PBXResourcesBuildPhase section */

/* Begin PBXSourcesBuildPhase section */
		DA9527BC248EE3C800A73DA4 /* Sources */ = {
			isa = PBXSourcesBuildPhase;
			buildActionMask = 2147483647;
			files = (
				DA9527C8248EE3C800A73DA4 /* ViewController.swift in Sources */,
				DA9527ED248EFED200A73DA4 /* AlarmController.swift in Sources */,
				DA9527E4248EE75C00A73DA4 /* AlarmListTableViewController.swift in Sources */,
				DA9527C4248EE3C800A73DA4 /* AppDelegate.swift in Sources */,
				DA9527E6248EE81700A73DA4 /* AlarmDetailTableViewController.swift in Sources */,
				DA9527C6248EE3C800A73DA4 /* SceneDelegate.swift in Sources */,
				DA9527EB248EF5FA00A73DA4 /* Alarm.swift in Sources */,
				DA9527E9248EEC0E00A73DA4 /* SwitchTableViewCell.swift in Sources */,
			);
			runOnlyForDeploymentPostprocessing = 0;
		};
/* End PBXSourcesBuildPhase section */

/* Begin PBXVariantGroup section */
		DA9527CE248EE3CE00A73DA4 /* LaunchScreen.storyboard */ = {
			isa = PBXVariantGroup;
			children = (
				DA9527CF248EE3CE00A73DA4 /* Base */,
			);
			name = LaunchScreen.storyboard;
			sourceTree = "<group>";
		};
/* End PBXVariantGroup section */

/* Begin XCBuildConfiguration section */
		DA9527D2248EE3CE00A73DA4 /* Debug */ = {
			isa = XCBuildConfiguration;
			buildSettings = {
				ALWAYS_SEARCH_USER_PATHS = NO;
				CLANG_ANALYZER_NONNULL = YES;
				CLANG_ANALYZER_NUMBER_OBJECT_CONVERSION = YES_AGGRESSIVE;
				CLANG_CXX_LANGUAGE_STANDARD = "gnu++14";
				CLANG_CXX_LIBRARY = "libc++";
				CLANG_ENABLE_MODULES = YES;
				CLANG_ENABLE_OBJC_ARC = YES;
				CLANG_ENABLE_OBJC_WEAK = YES;
				CLANG_WARN_BLOCK_CAPTURE_AUTORELEASING = YES;
				CLANG_WARN_BOOL_CONVERSION = YES;
				CLANG_WARN_COMMA = YES;
				CLANG_WARN_CONSTANT_CONVERSION = YES;
				CLANG_WARN_DEPRECATED_OBJC_IMPLEMENTATIONS = YES;
				CLANG_WARN_DIRECT_OBJC_ISA_USAGE = YES_ERROR;
				CLANG_WARN_DOCUMENTATION_COMMENTS = YES;
				CLANG_WARN_EMPTY_BODY = YES;
				CLANG_WARN_ENUM_CONVERSION = YES;
				CLANG_WARN_INFINITE_RECURSION = YES;
				CLANG_WARN_INT_CONVERSION = YES;
				CLANG_WARN_NON_LITERAL_NULL_CONVERSION = YES;
				CLANG_WARN_OBJC_IMPLICIT_RETAIN_SELF = YES;
				CLANG_WARN_OBJC_LITERAL_CONVERSION = YES;
				CLANG_WARN_OBJC_ROOT_CLASS = YES_ERROR;
				CLANG_WARN_RANGE_LOOP_ANALYSIS = YES;
				CLANG_WARN_STRICT_PROTOTYPES = YES;
				CLANG_WARN_SUSPICIOUS_MOVE = YES;
				CLANG_WARN_UNGUARDED_AVAILABILITY = YES_AGGRESSIVE;
				CLANG_WARN_UNREACHABLE_CODE = YES;
				CLANG_WARN__DUPLICATE_METHOD_MATCH = YES;
				COPY_PHASE_STRIP = NO;
				DEBUG_INFORMATION_FORMAT = dwarf;
				ENABLE_STRICT_OBJC_MSGSEND = YES;
				ENABLE_TESTABILITY = YES;
				GCC_C_LANGUAGE_STANDARD = gnu11;
				GCC_DYNAMIC_NO_PIC = NO;
				GCC_NO_COMMON_BLOCKS = YES;
				GCC_OPTIMIZATION_LEVEL = 0;
				GCC_PREPROCESSOR_DEFINITIONS = (
					"DEBUG=1",
					"$(inherited)",
				);
				GCC_WARN_64_TO_32_BIT_CONVERSION = YES;
				GCC_WARN_ABOUT_RETURN_TYPE = YES_ERROR;
				GCC_WARN_UNDECLARED_SELECTOR = YES;
				GCC_WARN_UNINITIALIZED_AUTOS = YES_AGGRESSIVE;
				GCC_WARN_UNUSED_FUNCTION = YES;
				GCC_WARN_UNUSED_VARIABLE = YES;
				IPHONEOS_DEPLOYMENT_TARGET = 13.5;
				MTL_ENABLE_DEBUG_INFO = INCLUDE_SOURCE;
				MTL_FAST_MATH = YES;
				ONLY_ACTIVE_ARCH = YES;
				SDKROOT = iphoneos;
				SWIFT_ACTIVE_COMPILATION_CONDITIONS = DEBUG;
				SWIFT_OPTIMIZATION_LEVEL = "-Onone";
			};
			name = Debug;
		};
		DA9527D3248EE3CE00A73DA4 /* Release */ = {
			isa = XCBuildConfiguration;
			buildSettings = {
				ALWAYS_SEARCH_USER_PATHS = NO;
				CLANG_ANALYZER_NONNULL = YES;
				CLANG_ANALYZER_NUMBER_OBJECT_CONVERSION = YES_AGGRESSIVE;
				CLANG_CXX_LANGUAGE_STANDARD = "gnu++14";
				CLANG_CXX_LIBRARY = "libc++";
				CLANG_ENABLE_MODULES = YES;
				CLANG_ENABLE_OBJC_ARC = YES;
				CLANG_ENABLE_OBJC_WEAK = YES;
				CLANG_WARN_BLOCK_CAPTURE_AUTORELEASING = YES;
				CLANG_WARN_BOOL_CONVERSION = YES;
				CLANG_WARN_COMMA = YES;
				CLANG_WARN_CONSTANT_CONVERSION = YES;
				CLANG_WARN_DEPRECATED_OBJC_IMPLEMENTATIONS = YES;
				CLANG_WARN_DIRECT_OBJC_ISA_USAGE = YES_ERROR;
				CLANG_WARN_DOCUMENTATION_COMMENTS = YES;
				CLANG_WARN_EMPTY_BODY = YES;
				CLANG_WARN_ENUM_CONVERSION = YES;
				CLANG_WARN_INFINITE_RECURSION = YES;
				CLANG_WARN_INT_CONVERSION = YES;
				CLANG_WARN_NON_LITERAL_NULL_CONVERSION = YES;
				CLANG_WARN_OBJC_IMPLICIT_RETAIN_SELF = YES;
				CLANG_WARN_OBJC_LITERAL_CONVERSION = YES;
				CLANG_WARN_OBJC_ROOT_CLASS = YES_ERROR;
				CLANG_WARN_RANGE_LOOP_ANALYSIS = YES;
				CLANG_WARN_STRICT_PROTOTYPES = YES;
				CLANG_WARN_SUSPICIOUS_MOVE = YES;
				CLANG_WARN_UNGUARDED_AVAILABILITY = YES_AGGRESSIVE;
				CLANG_WARN_UNREACHABLE_CODE = YES;
				CLANG_WARN__DUPLICATE_METHOD_MATCH = YES;
				COPY_PHASE_STRIP = NO;
				DEBUG_INFORMATION_FORMAT = "dwarf-with-dsym";
				ENABLE_NS_ASSERTIONS = NO;
				ENABLE_STRICT_OBJC_MSGSEND = YES;
				GCC_C_LANGUAGE_STANDARD = gnu11;
				GCC_NO_COMMON_BLOCKS = YES;
				GCC_WARN_64_TO_32_BIT_CONVERSION = YES;
				GCC_WARN_ABOUT_RETURN_TYPE = YES_ERROR;
				GCC_WARN_UNDECLARED_SELECTOR = YES;
				GCC_WARN_UNINITIALIZED_AUTOS = YES_AGGRESSIVE;
				GCC_WARN_UNUSED_FUNCTION = YES;
				GCC_WARN_UNUSED_VARIABLE = YES;
				IPHONEOS_DEPLOYMENT_TARGET = 13.5;
				MTL_ENABLE_DEBUG_INFO = NO;
				MTL_FAST_MATH = YES;
				SDKROOT = iphoneos;
				SWIFT_COMPILATION_MODE = wholemodule;
				SWIFT_OPTIMIZATION_LEVEL = "-O";
				VALIDATE_PRODUCT = YES;
			};
			name = Release;
		};
		DA9527D5248EE3CE00A73DA4 /* Debug */ = {
			isa = XCBuildConfiguration;
			buildSettings = {
				ASSETCATALOG_COMPILER_APPICON_NAME = AppIcon;
				CODE_SIGN_STYLE = Automatic;
				DEVELOPMENT_TEAM = 95J78XM38Q;
				INFOPLIST_FILE = Alarm/Resources/Info.plist;
				LD_RUNPATH_SEARCH_PATHS = (
					"$(inherited)",
					"@executable_path/Frameworks",
				);
				PRODUCT_BUNDLE_IDENTIFIER = com.AdetokunboBabatunde.Alarm;
				PRODUCT_NAME = "$(TARGET_NAME)";
				SWIFT_VERSION = 5.0;
				TARGETED_DEVICE_FAMILY = "1,2";
			};
			name = Debug;
		};
		DA9527D6248EE3CE00A73DA4 /* Release */ = {
			isa = XCBuildConfiguration;
			buildSettings = {
				ASSETCATALOG_COMPILER_APPICON_NAME = AppIcon;
				CODE_SIGN_STYLE = Automatic;
				DEVELOPMENT_TEAM = 95J78XM38Q;
				INFOPLIST_FILE = Alarm/Resources/Info.plist;
				LD_RUNPATH_SEARCH_PATHS = (
					"$(inherited)",
					"@executable_path/Frameworks",
				);
				PRODUCT_BUNDLE_IDENTIFIER = com.AdetokunboBabatunde.Alarm;
				PRODUCT_NAME = "$(TARGET_NAME)";
				SWIFT_VERSION = 5.0;
				TARGETED_DEVICE_FAMILY = "1,2";
			};
			name = Release;
		};
/* End XCBuildConfiguration section */

/* Begin XCConfigurationList section */
		DA9527BB248EE3C800A73DA4 /* Build configuration list for PBXProject "Alarm" */ = {
			isa = XCConfigurationList;
			buildConfigurations = (
				DA9527D2248EE3CE00A73DA4 /* Debug */,
				DA9527D3248EE3CE00A73DA4 /* Release */,
			);
			defaultConfigurationIsVisible = 0;
			defaultConfigurationName = Release;
		};
		DA9527D4248EE3CE00A73DA4 /* Build configuration list for PBXNativeTarget "Alarm" */ = {
			isa = XCConfigurationList;
			buildConfigurations = (
				DA9527D5248EE3CE00A73DA4 /* Debug */,
				DA9527D6248EE3CE00A73DA4 /* Release */,
			);
			defaultConfigurationIsVisible = 0;
			defaultConfigurationName = Release;
		};
/* End XCConfigurationList section */
	};
	rootObject = DA9527B8248EE3C800A73DA4 /* Project object */;
}
